
Microsoft Visual Studio Solution File, Format Version 12.00
# Visual Studio Version 17
VisualStudioVersion = 17.5.33530.505
MinimumVisualStudioVersion = 10.0.40219.1
Project("{9A19103F-16F7-4668-BE54-9A1E7A4F7556}") = "ras.DAL", "ras.DAL\ras.DAL.csproj", "{6D08599F-EAFE-44AF-B76E-BB4A40A18FFB}"
EndProject
Project("{9A19103F-16F7-4668-BE54-9A1E7A4F7556}") = "ras.BLL", "ras.BLL\ras.BLL.csproj", "{1472E48D-C64E-4B9D-98DD-E281D174E63F}"
EndProject
Project("{9A19103F-16F7-4668-BE54-9A1E7A4F7556}") = "ras.BLL.Services", "ras.BLL.Services\ras.BLL.Services.csproj", "{1A4FB472-B4CB-4903-AB2B-BD41E6FFCC63}"
EndProject
Project("{FAE04EC0-301F-11D3-BF4B-00C04F79EFBC}") = "ras.MODEL", "ras.MODEL\ras.MODEL.csproj", "{B5BCE134-66D6-4363-B37F-A85C6389823F}"
EndProject
Global
	GlobalSection(SolutionConfigurationPlatforms) = preSolution
		Debug|Any CPU = Debug|Any CPU
		Release|Any CPU = Release|Any CPU
	EndGlobalSection
	GlobalSection(ProjectConfigurationPlatforms) = postSolution
		{6D08599F-EAFE-44AF-B76E-BB4A40A18FFB}.Debug|Any CPU.ActiveCfg = Debug|Any CPU
		{6D08599F-EAFE-44AF-B76E-BB4A40A18FFB}.Debug|Any CPU.Build.0 = Debug|Any CPU
		{6D08599F-EAFE-44AF-B76E-BB4A40A18FFB}.Release|Any CPU.ActiveCfg = Release|Any CPU
		{6D08599F-EAFE-44AF-B76E-BB4A40A18FFB}.Release|Any CPU.Build.0 = Release|Any CPU
		{1472E48D-C64E-4B9D-98DD-E281D174E63F}.Debug|Any CPU.ActiveCfg = Debug|Any CPU
		{1472E48D-C64E-4B9D-98DD-E281D174E63F}.Debug|Any CPU.Build.0 = Debug|Any CPU
		{1472E48D-C64E-4B9D-98DD-E281D174E63F}.Release|Any CPU.ActiveCfg = Release|Any CPU
		{1472E48D-C64E-4B9D-98DD-E281D174E63F}.Release|Any CPU.Build.0 = Release|Any CPU
		{1A4FB472-B4CB-4903-AB2B-BD41E6FFCC63}.Debug|Any CPU.ActiveCfg = Debug|Any CPU
		{1A4FB472-B4CB-4903-AB2B-BD41E6FFCC63}.Debug|Any CPU.Build.0 = Debug|Any CPU
		{1A4FB472-B4CB-4903-AB2B-BD41E6FFCC63}.Release|Any CPU.ActiveCfg = Release|Any CPU
		{1A4FB472-B4CB-4903-AB2B-BD41E6FFCC63}.Release|Any CPU.Build.0 = Release|Any CPU
		{B5BCE134-66D6-4363-B37F-A85C6389823F}.Debug|Any CPU.ActiveCfg = Debug|Any CPU
		{B5BCE134-66D6-4363-B37F-A85C6389823F}.Debug|Any CPU.Build.0 = Debug|Any CPU
		{B5BCE134-66D6-4363-B37F-A85C6389823F}.Release|Any CPU.ActiveCfg = Release|Any CPU
		{B5BCE134-66D6-4363-B37F-A85C6389823F}.Release|Any CPU.Build.0 = Release|Any CPU
	EndGlobalSection
	GlobalSection(SolutionProperties) = preSolution
		HideSolutionNode = FALSE
	EndGlobalSection
	GlobalSection(ExtensibilityGlobals) = postSolution
		SolutionGuid = {C04C8C77-A31C-404F-A624-A78781941459}
	EndGlobalSection
EndGlobal
